
Microsoft Visual Studio Solution File, Format Version 12.00
# Visual Studio Version 17
VisualStudioVersion = 17.5.33424.131
MinimumVisualStudioVersion = 10.0.40219.1
Project("{FAE04EC0-301F-11D3-BF4B-00C04F79EFBC}") = "Programerski zadatak", "Programerski zadatak\Programerski zadatak.csproj", "{093227AB-F9B5-46CC-B018-CEDBFD79BECC}"
EndProject
Global
	GlobalSection(SolutionConfigurationPlatforms) = preSolution
		Debug|Any CPU = Debug|Any CPU
		Release|Any CPU = Release|Any CPU
	EndGlobalSection
	GlobalSection(ProjectConfigurationPlatforms) = postSolution
		{093227AB-F9B5-46CC-B018-CEDBFD79BECC}.Debug|Any CPU.ActiveCfg = Debug|Any CPU
		{093227AB-F9B5-46CC-B018-CEDBFD79BECC}.Debug|Any CPU.Build.0 = Debug|Any CPU
		{093227AB-F9B5-46CC-B018-CEDBFD79BECC}.Release|Any CPU.ActiveCfg = Release|Any CPU
		{093227AB-F9B5-46CC-B018-CEDBFD79BECC}.Release|Any CPU.Build.0 = Release|Any CPU
	EndGlobalSection
	GlobalSection(SolutionProperties) = preSolution
		HideSolutionNode = FALSE
	EndGlobalSection
	GlobalSection(ExtensibilityGlobals) = postSolution
		SolutionGuid = {36F3B406-1DD2-481B-B1CF-19E7C776B92E}
	EndGlobalSection
EndGlobal
